{
  "version": 4,
  "terraform_version": "1.6.6",
  "serial": 17,
  "lineage": "a33e5161-286d-83ef-abcf-0ccec0356682",
  "outputs": {
    "aws_ec2_instances": {
      "value": 4,
      "type": "number"
    },
    "devops_trainer": {
      "value": "tushar",
      "type": "string"
    },
    "tf_batch_students": {
      "value": 50,
      "type": "number"
    }
  },
  "resources": [
    {
      "mode": "managed",
      "type": "local_file",
      "name": "devops",
      "provider": "provider[\"registry.terraform.io/hashicorp/local\"]",
      "instances": [
        {
          "schema_version": 0,
          "attributes": {
            "content": "this is content1",
            "content_base64": null,
            "content_base64sha256": "GLwwRSol+3VR8BflyuU/57v1HYNZdOdbhjXCiz3faC8=",
            "content_base64sha512": "oaC0AuyZRHXsTv+AKCIkJFZJ+4afnGtF1EBK13mVnW+PRI5k1VYHddVWikLWXHXUDX66NlxxyhX8zCcgbSQySA==",
            "content_md5": "6de127282cedad898d5d5132a9bb3168",
            "content_sha1": "69a8dbc93780bf11760990ad963ed4faa33ba7ff",
            "content_sha256": "18bc30452a25fb7551f017e5cae53fe7bbf51d835974e75b8635c28b3ddf682f",
            "content_sha512": "a1a0b402ec994475ec4eff80282224245649fb869f9c6b45d4404ad779959d6f8f448e64d5560775d5568a42d65c75d40d7eba365c71ca15fccc27206d243248",
            "directory_permission": "0777",
            "file_permission": "0777",
            "filename": "/home/ubuntu/terraform/terraform-variables/file1.txt",
            "id": "69a8dbc93780bf11760990ad963ed4faa33ba7ff",
            "sensitive_content": null,
            "source": null
          },
          "sensitive_attributes": []
        }
      ]
    },
    {
      "mode": "managed",
      "type": "local_file",
      "name": "devops-var",
      "provider": "provider[\"registry.terraform.io/hashicorp/local\"]",
      "instances": [
        {
          "schema_version": 0,
          "attributes": {
            "content": "this is content2",
            "content_base64": null,
            "content_base64sha256": "Gdzw5MYCVZR5RyqayEkOPuthkFwm7PRNm4ZWa7O7Kr4=",
            "content_base64sha512": "L9HmdRPdbXelBczqtmPNoIlqxd1cwYtt6OD7S1VQ2nvgfukp+SXPpE36AaU7JFlejhPdKcBt93Xlmt8JuTiWsg==",
            "content_md5": "793ea3cf2fb547e613cf205b2f9ee647",
            "content_sha1": "b123b46140bafa26b89dd633268cee7ef89ac33a",
            "content_sha256": "19dcf0e4c602559479472a9ac8490e3eeb61905c26ecf44d9b86566bb3bb2abe",
            "content_sha512": "2fd1e67513dd6d77a505cceab663cda0896ac5dd5cc18b6de8e0fb4b5550da7be07ee929f925cfa44dfa01a53b24595e8e13dd29c06df775e59adf09b93896b2",
            "directory_permission": "0777",
            "file_permission": "0777",
            "filename": "/home/ubuntu/terraform/terraform-variables/file2.txt",
            "id": "b123b46140bafa26b89dd633268cee7ef89ac33a",
            "sensitive_content": null,
            "source": null
          },
          "sensitive_attributes": []
        }
      ]
    }
  ],
  "check_results": null
}
